
Microsoft Visual Studio Solution File, Format Version 12.00
# Visual Studio Version 17
VisualStudioVersion = 17.10.35013.160
MinimumVisualStudioVersion = 10.0.40219.1
Project("{FAE04EC0-301F-11D3-BF4B-00C04F79EFBC}") = "FluentValidationTestApp", "FluentValidationTestApp\FluentValidationTestApp.csproj", "{D3A15A58-8A07-4C75-B548-57DAA0529C64}"
EndProject
Global
	GlobalSection(SolutionConfigurationPlatforms) = preSolution
		Debug|Any CPU = Debug|Any CPU
		Release|Any CPU = Release|Any CPU
	EndGlobalSection
	GlobalSection(ProjectConfigurationPlatforms) = postSolution
		{D3A15A58-8A07-4C75-B548-57DAA0529C64}.Debug|Any CPU.ActiveCfg = Debug|Any CPU
		{D3A15A58-8A07-4C75-B548-57DAA0529C64}.Debug|Any CPU.Build.0 = Debug|Any CPU
		{D3A15A58-8A07-4C75-B548-57DAA0529C64}.Release|Any CPU.ActiveCfg = Release|Any CPU
		{D3A15A58-8A07-4C75-B548-57DAA0529C64}.Release|Any CPU.Build.0 = Release|Any CPU
	EndGlobalSection
	GlobalSection(SolutionProperties) = preSolution
		HideSolutionNode = FALSE
	EndGlobalSection
	GlobalSection(ExtensibilityGlobals) = postSolution
		SolutionGuid = {2DC4FD6F-A070-467E-8310-070928A1ADC1}
	EndGlobalSection
EndGlobal
